
Microsoft Visual Studio Solution File, Format Version 12.00
# Visual Studio 15
VisualStudioVersion = 15.0.26730.16
MinimumVisualStudioVersion = 10.0.40219.1
Project("{8BC9CEB8-8B4A-11D0-8D11-00A0C91BC942}") = "DTEngine", "DTEngine\DTEngine.vcxproj", "{20EF0B0F-08BF-4E1B-BEFA-22E801047594}"
EndProject
Global
	GlobalSection(SolutionConfigurationPlatforms) = preSolution
		Debug|x64 = Debug|x64
		Debug|x86 = Debug|x86
		Release|x64 = Release|x64
		Release|x86 = Release|x86
	EndGlobalSection
	GlobalSection(ProjectConfigurationPlatforms) = postSolution
		{20EF0B0F-08BF-4E1B-BEFA-22E801047594}.Debug|x64.ActiveCfg = Debug|x64
		{20EF0B0F-08BF-4E1B-BEFA-22E801047594}.Debug|x64.Build.0 = Debug|x64
		{20EF0B0F-08BF-4E1B-BEFA-22E801047594}.Debug|x86.ActiveCfg = Debug|Win32
		{20EF0B0F-08BF-4E1B-BEFA-22E801047594}.Debug|x86.Build.0 = Debug|Win32
		{20EF0B0F-08BF-4E1B-BEFA-22E801047594}.Release|x64.ActiveCfg = Release|x64
		{20EF0B0F-08BF-4E1B-BEFA-22E801047594}.Release|x64.Build.0 = Release|x64
		{20EF0B0F-08BF-4E1B-BEFA-22E801047594}.Release|x86.ActiveCfg = Release|Win32
		{20EF0B0F-08BF-4E1B-BEFA-22E801047594}.Release|x86.Build.0 = Release|Win32
	EndGlobalSection
	GlobalSection(SolutionProperties) = preSolution
		HideSolutionNode = FALSE
	EndGlobalSection
	GlobalSection(ExtensibilityGlobals) = postSolution
		SolutionGuid = {8510D741-599A-4D4D-A823-CF5009B29383}
	EndGlobalSection
EndGlobal
